
Microsoft Visual Studio Solution File, Format Version 11.00
# Visual Studio 2010
Project("{8BC9CEB8-8B4A-11D0-8D11-00A0C91BC942}") = "FYDP.Algo", "FYDP.Algo\FYDP.Algo.vcxproj", "{8E3044DE-F03D-4A23-9B39-DEF99F281D76}"
EndProject
Global
	GlobalSection(SolutionConfigurationPlatforms) = preSolution
		Debug|Win32 = Debug|Win32
		Release|Win32 = Release|Win32
	EndGlobalSection
	GlobalSection(ProjectConfigurationPlatforms) = postSolution
		{8E3044DE-F03D-4A23-9B39-DEF99F281D76}.Debug|Win32.ActiveCfg = Debug|Win32
		{8E3044DE-F03D-4A23-9B39-DEF99F281D76}.Debug|Win32.Build.0 = Debug|Win32
		{8E3044DE-F03D-4A23-9B39-DEF99F281D76}.Release|Win32.ActiveCfg = Release|Win32
		{8E3044DE-F03D-4A23-9B39-DEF99F281D76}.Release|Win32.Build.0 = Release|Win32
	EndGlobalSection
	GlobalSection(SolutionProperties) = preSolution
		HideSolutionNode = FALSE
	EndGlobalSection
EndGlobal
